
Microsoft Visual Studio Solution File, Format Version 11.00
# Visual Studio 2010
Project("{FAE04EC0-301F-11D3-BF4B-00C04F79EFBC}") = "2016 FRC Scouting Form", "2016 FRC Scouting Form\2016 FRC Scouting Form.csproj", "{BB5DC2E6-1E3D-48D2-8393-B28BFFC1D306}"
EndProject
Global
	GlobalSection(SolutionConfigurationPlatforms) = preSolution
		Debug|x86 = Debug|x86
		Release|x86 = Release|x86
	EndGlobalSection
	GlobalSection(ProjectConfigurationPlatforms) = postSolution
		{BB5DC2E6-1E3D-48D2-8393-B28BFFC1D306}.Debug|x86.ActiveCfg = Debug|x86
		{BB5DC2E6-1E3D-48D2-8393-B28BFFC1D306}.Debug|x86.Build.0 = Debug|x86
		{BB5DC2E6-1E3D-48D2-8393-B28BFFC1D306}.Release|x86.ActiveCfg = Release|x86
		{BB5DC2E6-1E3D-48D2-8393-B28BFFC1D306}.Release|x86.Build.0 = Release|x86
	EndGlobalSection
	GlobalSection(SolutionProperties) = preSolution
		HideSolutionNode = FALSE
	EndGlobalSection
EndGlobal
